// !$*UTF8*$!
{
	archiveVersion = 1;
	classes = {
	};
	objectVersion = 56;
	objects = {

/* Begin PBXBuildFile section */
		1F12DCFF2BB6DDEE004582A9 /* LoadService.swift in Sources */ = {isa = PBXBuildFile; fileRef = 1F12DCFE2BB6DDEE004582A9 /* LoadService.swift */; };
		1F12DD012BB6E161004582A9 /* ServiceCell.swift in Sources */ = {isa = PBXBuildFile; fileRef = 1F12DD002BB6E161004582A9 /* ServiceCell.swift */; };
		1F4DAD012BB4495D00795DD8 /* AppDelegate.swift in Sources */ = {isa = PBXBuildFile; fileRef = 1F4DAD002BB4495D00795DD8 /* AppDelegate.swift */; };
		1F4DAD032BB4495D00795DD8 /* SceneDelegate.swift in Sources */ = {isa = PBXBuildFile; fileRef = 1F4DAD022BB4495D00795DD8 /* SceneDelegate.swift */; };
		1F4DAD052BB4495D00795DD8 /* ViewController.swift in Sources */ = {isa = PBXBuildFile; fileRef = 1F4DAD042BB4495D00795DD8 /* ViewController.swift */; };
		1F4DAD082BB4495D00795DD8 /* Base in Resources */ = {isa = PBXBuildFile; fileRef = 1F4DAD072BB4495D00795DD8 /* Base */; };
		1F4DAD0A2BB4496100795DD8 /* Assets.xcassets in Resources */ = {isa = PBXBuildFile; fileRef = 1F4DAD092BB4496100795DD8 /* Assets.xcassets */; };
		1F4DAD0D2BB4496100795DD8 /* Base in Resources */ = {isa = PBXBuildFile; fileRef = 1F4DAD0C2BB4496100795DD8 /* Base */; };
		1F4DAD182BB4496200795DD8 /* probationVKulaTests.swift in Sources */ = {isa = PBXBuildFile; fileRef = 1F4DAD172BB4496200795DD8 /* probationVKulaTests.swift */; };
		1F4DAD222BB4496200795DD8 /* probationVKulaUITests.swift in Sources */ = {isa = PBXBuildFile; fileRef = 1F4DAD212BB4496200795DD8 /* probationVKulaUITests.swift */; };
		1F4DAD242BB4496200795DD8 /* probationVKulaUITestsLaunchTests.swift in Sources */ = {isa = PBXBuildFile; fileRef = 1F4DAD232BB4496200795DD8 /* probationVKulaUITestsLaunchTests.swift */; };
/* End PBXBuildFile section */

/* Begin PBXContainerItemProxy section */
		1F4DAD142BB4496200795DD8 /* PBXContainerItemProxy */ = {
			isa = PBXContainerItemProxy;
			containerPortal = 1F4DACF52BB4495C00795DD8 /* Project object */;
			proxyType = 1;
			remoteGlobalIDString = 1F4DACFC2BB4495D00795DD8;
			remoteInfo = probationVKula;
		};
		1F4DAD1E2BB4496200795DD8 /* PBXContainerItemProxy */ = {
			isa = PBXContainerItemProxy;
			containerPortal = 1F4DACF52BB4495C00795DD8 /* Project object */;
			proxyType = 1;
			remoteGlobalIDString = 1F4DACFC2BB4495D00795DD8;
			remoteInfo = probationVKula;
		};
/* End PBXContainerItemProxy section */

/* Begin PBXFileReference section */
		1F12DCFE2BB6DDEE004582A9 /* LoadService.swift */ = {isa = PBXFileReference; lastKnownFileType = sourcecode.swift; path = LoadService.swift; sourceTree = "<group>"; };
		1F12DD002BB6E161004582A9 /* ServiceCell.swift */ = {isa = PBXFileReference; lastKnownFileType = sourcecode.swift; path = ServiceCell.swift; sourceTree = "<group>"; };
		1F4DACFD2BB4495D00795DD8 /* probationVKula.app */ = {isa = PBXFileReference; explicitFileType = wrapper.application; includeInIndex = 0; path = probationVKula.app; sourceTree = BUILT_PRODUCTS_DIR; };
		1F4DAD002BB4495D00795DD8 /* AppDelegate.swift */ = {isa = PBXFileReference; lastKnownFileType = sourcecode.swift; path = AppDelegate.swift; sourceTree = "<group>"; };
		1F4DAD022BB4495D00795DD8 /* SceneDelegate.swift */ = {isa = PBXFileReference; lastKnownFileType = sourcecode.swift; path = SceneDelegate.swift; sourceTree = "<group>"; };
		1F4DAD042BB4495D00795DD8 /* ViewController.swift */ = {isa = PBXFileReference; lastKnownFileType = sourcecode.swift; path = ViewController.swift; sourceTree = "<group>"; };
		1F4DAD072BB4495D00795DD8 /* Base */ = {isa = PBXFileReference; lastKnownFileType = file.storyboard; name = Base; path = Base.lproj/Main.storyboard; sourceTree = "<group>"; };
		1F4DAD092BB4496100795DD8 /* Assets.xcassets */ = {isa = PBXFileReference; lastKnownFileType = folder.assetcatalog; path = Assets.xcassets; sourceTree = "<group>"; };
		1F4DAD0C2BB4496100795DD8 /* Base */ = {isa = PBXFileReference; lastKnownFileType = file.storyboard; name = Base; path = Base.lproj/LaunchScreen.storyboard; sourceTree = "<group>"; };
		1F4DAD0E2BB4496100795DD8 /* Info.plist */ = {isa = PBXFileReference; lastKnownFileType = text.plist.xml; path = Info.plist; sourceTree = "<group>"; };
		1F4DAD132BB4496200795DD8 /* probationVKulaTests.xctest */ = {isa = PBXFileReference; explicitFileType = wrapper.cfbundle; includeInIndex = 0; path = probationVKulaTests.xctest; sourceTree = BUILT_PRODUCTS_DIR; };
		1F4DAD172BB4496200795DD8 /* probationVKulaTests.swift */ = {isa = PBXFileReference; lastKnownFileType = sourcecode.swift; path = probationVKulaTests.swift; sourceTree = "<group>"; };
		1F4DAD1D2BB4496200795DD8 /* probationVKulaUITests.xctest */ = {isa = PBXFileReference; explicitFileType = wrapper.cfbundle; includeInIndex = 0; path = probationVKulaUITests.xctest; sourceTree = BUILT_PRODUCTS_DIR; };
		1F4DAD212BB4496200795DD8 /* probationVKulaUITests.swift */ = {isa = PBXFileReference; lastKnownFileType = sourcecode.swift; path = probationVKulaUITests.swift; sourceTree = "<group>"; };
		1F4DAD232BB4496200795DD8 /* probationVKulaUITestsLaunchTests.swift */ = {isa = PBXFileReference; lastKnownFileType = sourcecode.swift; path = probationVKulaUITestsLaunchTests.swift; sourceTree = "<group>"; };
/* End PBXFileReference section */

/* Begin PBXFrameworksBuildPhase section */
		1F4DACFA2BB4495D00795DD8 /* Frameworks */ = {
			isa = PBXFrameworksBuildPhase;
			buildActionMask = 2147483647;
			files = (
			);
			runOnlyForDeploymentPostprocessing = 0;
		};
		1F4DAD102BB4496200795DD8 /* Frameworks */ = {
			isa = PBXFrameworksBuildPhase;
			buildActionMask = 2147483647;
			files = (
			);
			runOnlyForDeploymentPostprocessing = 0;
		};
		1F4DAD1A2BB4496200795DD8 /* Frameworks */ = {
			isa = PBXFrameworksBuildPhase;
			buildActionMask = 2147483647;
			files = (
			);
			runOnlyForDeploymentPostprocessing = 0;
		};
/* End PBXFrameworksBuildPhase section */

/* Begin PBXGroup section */
		1F12DCF92BB59EAF004582A9 /* New Group */ = {
			isa = PBXGroup;
			children = (
				1F4DAD002BB4495D00795DD8 /* AppDelegate.swift */,
				1F4DAD022BB4495D00795DD8 /* SceneDelegate.swift */,
				1F4DAD092BB4496100795DD8 /* Assets.xcassets */,
				1F4DAD0B2BB4496100795DD8 /* LaunchScreen.storyboard */,
				1F4DAD062BB4495D00795DD8 /* Main.storyboard */,
			);
			path = "New Group";
			sourceTree = "<group>";
		};
		1F4DACF42BB4495C00795DD8 = {
			isa = PBXGroup;
			children = (
				1F4DACFF2BB4495D00795DD8 /* probationVKula */,
				1F4DAD162BB4496200795DD8 /* probationVKulaTests */,
				1F4DAD202BB4496200795DD8 /* probationVKulaUITests */,
				1F4DACFE2BB4495D00795DD8 /* Products */,
			);
			sourceTree = "<group>";
		};
		1F4DACFE2BB4495D00795DD8 /* Products */ = {
			isa = PBXGroup;
			children = (
				1F4DACFD2BB4495D00795DD8 /* probationVKula.app */,
				1F4DAD132BB4496200795DD8 /* probationVKulaTests.xctest */,
				1F4DAD1D2BB4496200795DD8 /* probationVKulaUITests.xctest */,
			);
			name = Products;
			sourceTree = "<group>";
		};
		1F4DACFF2BB4495D00795DD8 /* probationVKula */ = {
			isa = PBXGroup;
			children = (
				1F4DAD042BB4495D00795DD8 /* ViewController.swift */,
				1F12DCFE2BB6DDEE004582A9 /* LoadService.swift */,
				1F12DD002BB6E161004582A9 /* ServiceCell.swift */,
				1F12DCF92BB59EAF004582A9 /* New Group */,
				1F4DAD0E2BB4496100795DD8 /* Info.plist */,
			);
			path = probationVKula;
			sourceTree = "<group>";
		};
		1F4DAD162BB4496200795DD8 /* probationVKulaTests */ = {
			isa = PBXGroup;
			children = (
				1F4DAD172BB4496200795DD8 /* probationVKulaTests.swift */,
			);
			path = probationVKulaTests;
			sourceTree = "<group>";
		};
		1F4DAD202BB4496200795DD8 /* probationVKulaUITests */ = {
			isa = PBXGroup;
			children = (
				1F4DAD212BB4496200795DD8 /* probationVKulaUITests.swift */,
				1F4DAD232BB4496200795DD8 /* probationVKulaUITestsLaunchTests.swift */,
			);
			path = probationVKulaUITests;
			sourceTree = "<group>";
		};
/* End PBXGroup section */

/* Begin PBXNativeTarget section */
		1F4DACFC2BB4495D00795DD8 /* probationVKula */ = {
			isa = PBXNativeTarget;
			buildConfigurationList = 1F4DAD272BB4496200795DD8 /* Build configuration list for PBXNativeTarget "probationVKula" */;
			buildPhases = (
				1F4DACF92BB4495D00795DD8 /* Sources */,
				1F4DACFA2BB4495D00795DD8 /* Frameworks */,
				1F4DACFB2BB4495D00795DD8 /* Resources */,
			);
			buildRules = (
			);
			dependencies = (
			);
			name = probationVKula;
			productName = probationVKula;
			productReference = 1F4DACFD2BB4495D00795DD8 /* probationVKula.app */;
			productType = "com.apple.product-type.application";
		};
		1F4DAD122BB4496200795DD8 /* probationVKulaTests */ = {
			isa = PBXNativeTarget;
			buildConfigurationList = 1F4DAD2A2BB4496200795DD8 /* Build configuration list for PBXNativeTarget "probationVKulaTests" */;
			buildPhases = (
				1F4DAD0F2BB4496200795DD8 /* Sources */,
				1F4DAD102BB4496200795DD8 /* Frameworks */,
				1F4DAD112BB4496200795DD8 /* Resources */,
			);
			buildRules = (
			);
			dependencies = (
				1F4DAD152BB4496200795DD8 /* PBXTargetDependency */,
			);
			name = probationVKulaTests;
			productName = probationVKulaTests;
			productReference = 1F4DAD132BB4496200795DD8 /* probationVKulaTests.xctest */;
			productType = "com.apple.product-type.bundle.unit-test";
		};
		1F4DAD1C2BB4496200795DD8 /* probationVKulaUITests */ = {
			isa = PBXNativeTarget;
			buildConfigurationList = 1F4DAD2D2BB4496200795DD8 /* Build configuration list for PBXNativeTarget "probationVKulaUITests" */;
			buildPhases = (
				1F4DAD192BB4496200795DD8 /* Sources */,
				1F4DAD1A2BB4496200795DD8 /* Frameworks */,
				1F4DAD1B2BB4496200795DD8 /* Resources */,
			);
			buildRules = (
			);
			dependencies = (
				1F4DAD1F2BB4496200795DD8 /* PBXTargetDependency */,
			);
			name = probationVKulaUITests;
			productName = probationVKulaUITests;
			productReference = 1F4DAD1D2BB4496200795DD8 /* probationVKulaUITests.xctest */;
			productType = "com.apple.product-type.bundle.ui-testing";
		};
/* End PBXNativeTarget section */

/* Begin PBXProject section */
		1F4DACF52BB4495C00795DD8 /* Project object */ = {
			isa = PBXProject;
			attributes = {
				BuildIndependentTargetsInParallel = 1;
				LastSwiftUpdateCheck = 1530;
				LastUpgradeCheck = 1530;
				TargetAttributes = {
					1F4DACFC2BB4495D00795DD8 = {
						CreatedOnToolsVersion = 15.3;
					};
					1F4DAD122BB4496200795DD8 = {
						CreatedOnToolsVersion = 15.3;
						TestTargetID = 1F4DACFC2BB4495D00795DD8;
					};
					1F4DAD1C2BB4496200795DD8 = {
						CreatedOnToolsVersion = 15.3;
						TestTargetID = 1F4DACFC2BB4495D00795DD8;
					};
				};
			};
			buildConfigurationList = 1F4DACF82BB4495C00795DD8 /* Build configuration list for PBXProject "probationVKula" */;
			compatibilityVersion = "Xcode 14.0";
			developmentRegion = en;
			hasScannedForEncodings = 0;
			knownRegions = (
				en,
				Base,
			);
			mainGroup = 1F4DACF42BB4495C00795DD8;
			productRefGroup = 1F4DACFE2BB4495D00795DD8 /* Products */;
			projectDirPath = "";
			projectRoot = "";
			targets = (
				1F4DACFC2BB4495D00795DD8 /* probationVKula */,
				1F4DAD122BB4496200795DD8 /* probationVKulaTests */,
				1F4DAD1C2BB4496200795DD8 /* probationVKulaUITests */,
			);
		};
/* End PBXProject section */

/* Begin PBXResourcesBuildPhase section */
		1F4DACFB2BB4495D00795DD8 /* Resources */ = {
			isa = PBXResourcesBuildPhase;
			buildActionMask = 2147483647;
			files = (
				1F4DAD0A2BB4496100795DD8 /* Assets.xcassets in Resources */,
				1F4DAD0D2BB4496100795DD8 /* Base in Resources */,
				1F4DAD082BB4495D00795DD8 /* Base in Resources */,
			);
			runOnlyForDeploymentPostprocessing = 0;
		};
		1F4DAD112BB4496200795DD8 /* Resources */ = {
			isa = PBXResourcesBuildPhase;
			buildActionMask = 2147483647;
			files = (
			);
			runOnlyForDeploymentPostprocessing = 0;
		};
		1F4DAD1B2BB4496200795DD8 /* Resources */ = {
			isa = PBXResourcesBuildPhase;
			buildActionMask = 2147483647;
			files = (
			);
			runOnlyForDeploymentPostprocessing = 0;
		};
/* End PBXResourcesBuildPhase section */

/* Begin PBXSourcesBuildPhase section */
		1F4DACF92BB4495D00795DD8 /* Sources */ = {
			isa = PBXSourcesBuildPhase;
			buildActionMask = 2147483647;
			files = (
				1F12DCFF2BB6DDEE004582A9 /* LoadService.swift in Sources */,
				1F4DAD052BB4495D00795DD8 /* ViewController.swift in Sources */,
				1F12DD012BB6E161004582A9 /* ServiceCell.swift in Sources */,
				1F4DAD012BB4495D00795DD8 /* AppDelegate.swift in Sources */,
				1F4DAD032BB4495D00795DD8 /* SceneDelegate.swift in Sources */,
			);
			runOnlyForDeploymentPostprocessing = 0;
		};
		1F4DAD0F2BB4496200795DD8 /* Sources */ = {
			isa = PBXSourcesBuildPhase;
			buildActionMask = 2147483647;
			files = (
				1F4DAD182BB4496200795DD8 /* probationVKulaTests.swift in Sources */,
			);
			runOnlyForDeploymentPostprocessing = 0;
		};
		1F4DAD192BB4496200795DD8 /* Sources */ = {
			isa = PBXSourcesBuildPhase;
			buildActionMask = 2147483647;
			files = (
				1F4DAD222BB4496200795DD8 /* probationVKulaUITests.swift in Sources */,
				1F4DAD242BB4496200795DD8 /* probationVKulaUITestsLaunchTests.swift in Sources */,
			);
			runOnlyForDeploymentPostprocessing = 0;
		};
/* End PBXSourcesBuildPhase section */

/* Begin PBXTargetDependency section */
		1F4DAD152BB4496200795DD8 /* PBXTargetDependency */ = {
			isa = PBXTargetDependency;
			target = 1F4DACFC2BB4495D00795DD8 /* probationVKula */;
			targetProxy = 1F4DAD142BB4496200795DD8 /* PBXContainerItemProxy */;
		};
		1F4DAD1F2BB4496200795DD8 /* PBXTargetDependency */ = {
			isa = PBXTargetDependency;
			target = 1F4DACFC2BB4495D00795DD8 /* probationVKula */;
			targetProxy = 1F4DAD1E2BB4496200795DD8 /* PBXContainerItemProxy */;
		};
/* End PBXTargetDependency section */

/* Begin PBXVariantGroup section */
		1F4DAD062BB4495D00795DD8 /* Main.storyboard */ = {
			isa = PBXVariantGroup;
			children = (
				1F4DAD072BB4495D00795DD8 /* Base */,
			);
			name = Main.storyboard;
			sourceTree = "<group>";
		};
		1F4DAD0B2BB4496100795DD8 /* LaunchScreen.storyboard */ = {
			isa = PBXVariantGroup;
			children = (
				1F4DAD0C2BB4496100795DD8 /* Base */,
			);
			name = LaunchScreen.storyboard;
			sourceTree = "<group>";
		};
/* End PBXVariantGroup section */

/* Begin XCBuildConfiguration section */
		1F4DAD252BB4496200795DD8 /* Debug */ = {
			isa = XCBuildConfiguration;
			buildSettings = {
				ALWAYS_SEARCH_USER_PATHS = NO;
				ASSETCATALOG_COMPILER_GENERATE_SWIFT_ASSET_SYMBOL_EXTENSIONS = YES;
				CLANG_ANALYZER_NONNULL = YES;
				CLANG_ANALYZER_NUMBER_OBJECT_CONVERSION = YES_AGGRESSIVE;
				CLANG_CXX_LANGUAGE_STANDARD = "gnu++20";
				CLANG_ENABLE_MODULES = YES;
				CLANG_ENABLE_OBJC_ARC = YES;
				CLANG_ENABLE_OBJC_WEAK = YES;
				CLANG_WARN_BLOCK_CAPTURE_AUTORELEASING = YES;
				CLANG_WARN_BOOL_CONVERSION = YES;
				CLANG_WARN_COMMA = YES;
				CLANG_WARN_CONSTANT_CONVERSION = YES;
				CLANG_WARN_DEPRECATED_OBJC_IMPLEMENTATIONS = YES;
				CLANG_WARN_DIRECT_OBJC_ISA_USAGE = YES_ERROR;
				CLANG_WARN_DOCUMENTATION_COMMENTS = YES;
				CLANG_WARN_EMPTY_BODY = YES;
				CLANG_WARN_ENUM_CONVERSION = YES;
				CLANG_WARN_INFINITE_RECURSION = YES;
				CLANG_WARN_INT_CONVERSION = YES;
				CLANG_WARN_NON_LITERAL_NULL_CONVERSION = YES;
				CLANG_WARN_OBJC_IMPLICIT_RETAIN_SELF = YES;
				CLANG_WARN_OBJC_LITERAL_CONVERSION = YES;
				CLANG_WARN_OBJC_ROOT_CLASS = YES_ERROR;
				CLANG_WARN_QUOTED_INCLUDE_IN_FRAMEWORK_HEADER = YES;
				CLANG_WARN_RANGE_LOOP_ANALYSIS = YES;
				CLANG_WARN_STRICT_PROTOTYPES = YES;
				CLANG_WARN_SUSPICIOUS_MOVE = YES;
				CLANG_WARN_UNGUARDED_AVAILABILITY = YES_AGGRESSIVE;
				CLANG_WARN_UNREACHABLE_CODE = YES;
				CLANG_WARN__DUPLICATE_METHOD_MATCH = YES;
				COPY_PHASE_STRIP = NO;
				DEBUG_INFORMATION_FORMAT = dwarf;
				ENABLE_STRICT_OBJC_MSGSEND = YES;
				ENABLE_TESTABILITY = YES;
				ENABLE_USER_SCRIPT_SANDBOXING = YES;
				GCC_C_LANGUAGE_STANDARD = gnu17;
				GCC_DYNAMIC_NO_PIC = NO;
				GCC_NO_COMMON_BLOCKS = YES;
				GCC_OPTIMIZATION_LEVEL = 0;
				GCC_PREPROCESSOR_DEFINITIONS = (
					"DEBUG=1",
					"$(inherited)",
				);
				GCC_WARN_64_TO_32_BIT_CONVERSION = YES;
				GCC_WARN_ABOUT_RETURN_TYPE = YES_ERROR;
				GCC_WARN_UNDECLARED_SELECTOR = YES;
				GCC_WARN_UNINITIALIZED_AUTOS = YES_AGGRESSIVE;
				GCC_WARN_UNUSED_FUNCTION = YES;
				GCC_WARN_UNUSED_VARIABLE = YES;
				IPHONEOS_DEPLOYMENT_TARGET = 15.0;
				LOCALIZATION_PREFERS_STRING_CATALOGS = YES;
				MTL_ENABLE_DEBUG_INFO = INCLUDE_SOURCE;
				MTL_FAST_MATH = YES;
				ONLY_ACTIVE_ARCH = YES;
				SDKROOT = iphoneos;
				SWIFT_ACTIVE_COMPILATION_CONDITIONS = "DEBUG $(inherited)";
				SWIFT_OPTIMIZATION_LEVEL = "-Onone";
			};
			name = Debug;
		};
		1F4DAD262BB4496200795DD8 /* Release */ = {
			isa = XCBuildConfiguration;
			buildSettings = {
				ALWAYS_SEARCH_USER_PATHS = NO;
				ASSETCATALOG_COMPILER_GENERATE_SWIFT_ASSET_SYMBOL_EXTENSIONS = YES;
				CLANG_ANALYZER_NONNULL = YES;
				CLANG_ANALYZER_NUMBER_OBJECT_CONVERSION = YES_AGGRESSIVE;
				CLANG_CXX_LANGUAGE_STANDARD = "gnu++20";
				CLANG_ENABLE_MODULES = YES;
				CLANG_ENABLE_OBJC_ARC = YES;
				CLANG_ENABLE_OBJC_WEAK = YES;
				CLANG_WARN_BLOCK_CAPTURE_AUTORELEASING = YES;
				CLANG_WARN_BOOL_CONVERSION = YES;
				CLANG_WARN_COMMA = YES;
				CLANG_WARN_CONSTANT_CONVERSION = YES;
				CLANG_WARN_DEPRECATED_OBJC_IMPLEMENTATIONS = YES;
				CLANG_WARN_DIRECT_OBJC_ISA_USAGE = YES_ERROR;
				CLANG_WARN_DOCUMENTATION_COMMENTS = YES;
				CLANG_WARN_EMPTY_BODY = YES;
				CLANG_WARN_ENUM_CONVERSION = YES;
				CLANG_WARN_INFINITE_RECURSION = YES;
				CLANG_WARN_INT_CONVERSION = YES;
				CLANG_WARN_NON_LITERAL_NULL_CONVERSION = YES;
				CLANG_WARN_OBJC_IMPLICIT_RETAIN_SELF = YES;
				CLANG_WARN_OBJC_LITERAL_CONVERSION = YES;
				CLANG_WARN_OBJC_ROOT_CLASS = YES_ERROR;
				CLANG_WARN_QUOTED_INCLUDE_IN_FRAMEWORK_HEADER = YES;
				CLANG_WARN_RANGE_LOOP_ANALYSIS = YES;
				CLANG_WARN_STRICT_PROTOTYPES = YES;
				CLANG_WARN_SUSPICIOUS_MOVE = YES;
				CLANG_WARN_UNGUARDED_AVAILABILITY = YES_AGGRESSIVE;
				CLANG_WARN_UNREACHABLE_CODE = YES;
				CLANG_WARN__DUPLICATE_METHOD_MATCH = YES;
				COPY_PHASE_STRIP = NO;
				DEBUG_INFORMATION_FORMAT = "dwarf-with-dsym";
				ENABLE_NS_ASSERTIONS = NO;
				ENABLE_STRICT_OBJC_MSGSEND = YES;
				ENABLE_USER_SCRIPT_SANDBOXING = YES;
				GCC_C_LANGUAGE_STANDARD = gnu17;
				GCC_NO_COMMON_BLOCKS = YES;
				GCC_WARN_64_TO_32_BIT_CONVERSION = YES;
				GCC_WARN_ABOUT_RETURN_TYPE = YES_ERROR;
				GCC_WARN_UNDECLARED_SELECTOR = YES;
				GCC_WARN_UNINITIALIZED_AUTOS = YES_AGGRESSIVE;
				GCC_WARN_UNUSED_FUNCTION = YES;
				GCC_WARN_UNUSED_VARIABLE = YES;
				IPHONEOS_DEPLOYMENT_TARGET = 15.0;
				LOCALIZATION_PREFERS_STRING_CATALOGS = YES;
				MTL_ENABLE_DEBUG_INFO = NO;
				MTL_FAST_MATH = YES;
				SDKROOT = iphoneos;
				SWIFT_COMPILATION_MODE = wholemodule;
				VALIDATE_PRODUCT = YES;
			};
			name = Release;
		};
		1F4DAD282BB4496200795DD8 /* Debug */ = {
			isa = XCBuildConfiguration;
			buildSettings = {
				ASSETCATALOG_COMPILER_APPICON_NAME = AppIcon;
				ASSETCATALOG_COMPILER_GLOBAL_ACCENT_COLOR_NAME = AccentColor;
				CODE_SIGN_STYLE = Automatic;
				CURRENT_PROJECT_VERSION = 1;
				DEVELOPMENT_TEAM = TU7TQJVTAS;
				GENERATE_INFOPLIST_FILE = YES;
				INFOPLIST_FILE = probationVKula/Info.plist;
				INFOPLIST_KEY_UIApplicationSupportsIndirectInputEvents = YES;
				INFOPLIST_KEY_UILaunchStoryboardName = LaunchScreen;
				INFOPLIST_KEY_UISupportedInterfaceOrientations_iPad = "UIInterfaceOrientationPortrait UIInterfaceOrientationPortraitUpsideDown UIInterfaceOrientationLandscapeLeft UIInterfaceOrientationLandscapeRight";
				INFOPLIST_KEY_UISupportedInterfaceOrientations_iPhone = "UIInterfaceOrientationPortrait UIInterfaceOrientationLandscapeLeft UIInterfaceOrientationLandscapeRight";
				LD_RUNPATH_SEARCH_PATHS = (
					"$(inherited)",
					"@executable_path/Frameworks",
				);
				MARKETING_VERSION = 1.0;
				PRODUCT_BUNDLE_IDENTIFIER = mks.probationVKula;
				PRODUCT_NAME = "$(TARGET_NAME)";
				SWIFT_EMIT_LOC_STRINGS = YES;
				SWIFT_VERSION = 5.0;
				TARGETED_DEVICE_FAMILY = "1,2";
			};
			name = Debug;
		};
		1F4DAD292BB4496200795DD8 /* Release */ = {
			isa = XCBuildConfiguration;
			buildSettings = {
				ASSETCATALOG_COMPILER_APPICON_NAME = AppIcon;
				ASSETCATALOG_COMPILER_GLOBAL_ACCENT_COLOR_NAME = AccentColor;
				CODE_SIGN_STYLE = Automatic;
				CURRENT_PROJECT_VERSION = 1;
				DEVELOPMENT_TEAM = TU7TQJVTAS;
				GENERATE_INFOPLIST_FILE = YES;
				INFOPLIST_FILE = probationVKula/Info.plist;
				INFOPLIST_KEY_UIApplicationSupportsIndirectInputEvents = YES;
				INFOPLIST_KEY_UILaunchStoryboardName = LaunchScreen;
				INFOPLIST_KEY_UISupportedInterfaceOrientations_iPad = "UIInterfaceOrientationPortrait UIInterfaceOrientationPortraitUpsideDown UIInterfaceOrientationLandscapeLeft UIInterfaceOrientationLandscapeRight";
				INFOPLIST_KEY_UISupportedInterfaceOrientations_iPhone = "UIInterfaceOrientationPortrait UIInterfaceOrientationLandscapeLeft UIInterfaceOrientationLandscapeRight";
				LD_RUNPATH_SEARCH_PATHS = (
					"$(inherited)",
					"@executable_path/Frameworks",
				);
				MARKETING_VERSION = 1.0;
				PRODUCT_BUNDLE_IDENTIFIER = mks.probationVKula;
				PRODUCT_NAME = "$(TARGET_NAME)";
				SWIFT_EMIT_LOC_STRINGS = YES;
				SWIFT_VERSION = 5.0;
				TARGETED_DEVICE_FAMILY = "1,2";
			};
			name = Release;
		};
		1F4DAD2B2BB4496200795DD8 /* Debug */ = {
			isa = XCBuildConfiguration;
			buildSettings = {
				ALWAYS_EMBED_SWIFT_STANDARD_LIBRARIES = YES;
				BUNDLE_LOADER = "$(TEST_HOST)";
				CODE_SIGN_STYLE = Automatic;
				CURRENT_PROJECT_VERSION = 1;
				GENERATE_INFOPLIST_FILE = YES;
				IPHONEOS_DEPLOYMENT_TARGET = 17.4;
				MARKETING_VERSION = 1.0;
				PRODUCT_BUNDLE_IDENTIFIER = mks.probationVKulaTests;
				PRODUCT_NAME = "$(TARGET_NAME)";
				SWIFT_EMIT_LOC_STRINGS = NO;
				SWIFT_VERSION = 5.0;
				TARGETED_DEVICE_FAMILY = "1,2";
				TEST_HOST = "$(BUILT_PRODUCTS_DIR)/probationVKula.app/$(BUNDLE_EXECUTABLE_FOLDER_PATH)/probationVKula";
			};
			name = Debug;
		};
		1F4DAD2C2BB4496200795DD8 /* Release */ = {
			isa = XCBuildConfiguration;
			buildSettings = {
				ALWAYS_EMBED_SWIFT_STANDARD_LIBRARIES = YES;
				BUNDLE_LOADER = "$(TEST_HOST)";
				CODE_SIGN_STYLE = Automatic;
				CURRENT_PROJECT_VERSION = 1;
				GENERATE_INFOPLIST_FILE = YES;
				IPHONEOS_DEPLOYMENT_TARGET = 17.4;
				MARKETING_VERSION = 1.0;
				PRODUCT_BUNDLE_IDENTIFIER = mks.probationVKulaTests;
				PRODUCT_NAME = "$(TARGET_NAME)";
				SWIFT_EMIT_LOC_STRINGS = NO;
				SWIFT_VERSION = 5.0;
				TARGETED_DEVICE_FAMILY = "1,2";
				TEST_HOST = "$(BUILT_PRODUCTS_DIR)/probationVKula.app/$(BUNDLE_EXECUTABLE_FOLDER_PATH)/probationVKula";
			};
			name = Release;
		};
		1F4DAD2E2BB4496200795DD8 /* Debug */ = {
			isa = XCBuildConfiguration;
			buildSettings = {
				ALWAYS_EMBED_SWIFT_STANDARD_LIBRARIES = YES;
				CODE_SIGN_STYLE = Automatic;
				CURRENT_PROJECT_VERSION = 1;
				GENERATE_INFOPLIST_FILE = YES;
				MARKETING_VERSION = 1.0;
				PRODUCT_BUNDLE_IDENTIFIER = mks.probationVKulaUITests;
				PRODUCT_NAME = "$(TARGET_NAME)";
				SWIFT_EMIT_LOC_STRINGS = NO;
				SWIFT_VERSION = 5.0;
				TARGETED_DEVICE_FAMILY = "1,2";
				TEST_TARGET_NAME = probationVKula;
			};
			name = Debug;
		};
		1F4DAD2F2BB4496200795DD8 /* Release */ = {
			isa = XCBuildConfiguration;
			buildSettings = {
				ALWAYS_EMBED_SWIFT_STANDARD_LIBRARIES = YES;
				CODE_SIGN_STYLE = Automatic;
				CURRENT_PROJECT_VERSION = 1;
				GENERATE_INFOPLIST_FILE = YES;
				MARKETING_VERSION = 1.0;
				PRODUCT_BUNDLE_IDENTIFIER = mks.probationVKulaUITests;
				PRODUCT_NAME = "$(TARGET_NAME)";
				SWIFT_EMIT_LOC_STRINGS = NO;
				SWIFT_VERSION = 5.0;
				TARGETED_DEVICE_FAMILY = "1,2";
				TEST_TARGET_NAME = probationVKula;
			};
			name = Release;
		};
/* End XCBuildConfiguration section */

/* Begin XCConfigurationList section */
		1F4DACF82BB4495C00795DD8 /* Build configuration list for PBXProject "probationVKula" */ = {
			isa = XCConfigurationList;
			buildConfigurations = (
				1F4DAD252BB4496200795DD8 /* Debug */,
				1F4DAD262BB4496200795DD8 /* Release */,
			);
			defaultConfigurationIsVisible = 0;
			defaultConfigurationName = Release;
		};
		1F4DAD272BB4496200795DD8 /* Build configuration list for PBXNativeTarget "probationVKula" */ = {
			isa = XCConfigurationList;
			buildConfigurations = (
				1F4DAD282BB4496200795DD8 /* Debug */,
				1F4DAD292BB4496200795DD8 /* Release */,
			);
			defaultConfigurationIsVisible = 0;
			defaultConfigurationName = Release;
		};
		1F4DAD2A2BB4496200795DD8 /* Build configuration list for PBXNativeTarget "probationVKulaTests" */ = {
			isa = XCConfigurationList;
			buildConfigurations = (
				1F4DAD2B2BB4496200795DD8 /* Debug */,
				1F4DAD2C2BB4496200795DD8 /* Release */,
			);
			defaultConfigurationIsVisible = 0;
			defaultConfigurationName = Release;
		};
		1F4DAD2D2BB4496200795DD8 /* Build configuration list for PBXNativeTarget "probationVKulaUITests" */ = {
			isa = XCConfigurationList;
			buildConfigurations = (
				1F4DAD2E2BB4496200795DD8 /* Debug */,
				1F4DAD2F2BB4496200795DD8 /* Release */,
			);
			defaultConfigurationIsVisible = 0;
			defaultConfigurationName = Release;
		};
/* End XCConfigurationList section */
	};
	rootObject = 1F4DACF52BB4495C00795DD8 /* Project object */;
}
